
Microsoft Visual Studio Solution File, Format Version 12.00
# Visual Studio Version 16
VisualStudioVersion = 16.0.29403.142
MinimumVisualStudioVersion = 10.0.40219.1
Project("{FAE04EC0-301F-11D3-BF4B-00C04F79EFBC}") = "Phase05", "Phase05\Phase05.csproj", "{C5BDFA7F-2A45-4A31-A08F-34A203FFA9CE}"
EndProject
Project("{FAE04EC0-301F-11D3-BF4B-00C04F79EFBC}") = "Test", "Test\Test.csproj", "{A20D82ED-115C-4B01-916C-201C9C823269}"
EndProject
Global
	GlobalSection(SolutionConfigurationPlatforms) = preSolution
		Debug|Any CPU = Debug|Any CPU
		Release|Any CPU = Release|Any CPU
	EndGlobalSection
	GlobalSection(ProjectConfigurationPlatforms) = postSolution
		{C5BDFA7F-2A45-4A31-A08F-34A203FFA9CE}.Debug|Any CPU.ActiveCfg = Debug|Any CPU
		{C5BDFA7F-2A45-4A31-A08F-34A203FFA9CE}.Debug|Any CPU.Build.0 = Debug|Any CPU
		{C5BDFA7F-2A45-4A31-A08F-34A203FFA9CE}.Release|Any CPU.ActiveCfg = Release|Any CPU
		{C5BDFA7F-2A45-4A31-A08F-34A203FFA9CE}.Release|Any CPU.Build.0 = Release|Any CPU
		{A20D82ED-115C-4B01-916C-201C9C823269}.Debug|Any CPU.ActiveCfg = Debug|Any CPU
		{A20D82ED-115C-4B01-916C-201C9C823269}.Debug|Any CPU.Build.0 = Debug|Any CPU
		{A20D82ED-115C-4B01-916C-201C9C823269}.Release|Any CPU.ActiveCfg = Release|Any CPU
		{A20D82ED-115C-4B01-916C-201C9C823269}.Release|Any CPU.Build.0 = Release|Any CPU
	EndGlobalSection
	GlobalSection(SolutionProperties) = preSolution
		HideSolutionNode = FALSE
	EndGlobalSection
	GlobalSection(ExtensibilityGlobals) = postSolution
		SolutionGuid = {6741861A-F5F3-4E2E-8A6F-06E6929E07E4}
	EndGlobalSection
EndGlobal
