
Microsoft Visual Studio Solution File, Format Version 12.00
# Visual Studio Version 16
VisualStudioVersion = 16.0.29403.142
MinimumVisualStudioVersion = 10.0.40219.1
Project("{FAE04EC0-301F-11D3-BF4B-00C04F79EFBC}") = "SearchApi", "SearchApi\SearchApi.csproj", "{A15B7ED2-AF75-46FB-8E32-351A2ABA41CB}"
EndProject
Project("{9A19103F-16F7-4668-BE54-9A1E7A4F7556}") = "Phase05", "Phase05\Phase05.csproj", "{AFCD1424-761D-4BCF-83F9-4CC9DCB466B9}"
EndProject
Global
	GlobalSection(SolutionConfigurationPlatforms) = preSolution
		Debug|Any CPU = Debug|Any CPU
		Release|Any CPU = Release|Any CPU
	EndGlobalSection
	GlobalSection(ProjectConfigurationPlatforms) = postSolution
		{A15B7ED2-AF75-46FB-8E32-351A2ABA41CB}.Debug|Any CPU.ActiveCfg = Debug|Any CPU
		{A15B7ED2-AF75-46FB-8E32-351A2ABA41CB}.Debug|Any CPU.Build.0 = Debug|Any CPU
		{A15B7ED2-AF75-46FB-8E32-351A2ABA41CB}.Release|Any CPU.ActiveCfg = Release|Any CPU
		{A15B7ED2-AF75-46FB-8E32-351A2ABA41CB}.Release|Any CPU.Build.0 = Release|Any CPU
		{AFCD1424-761D-4BCF-83F9-4CC9DCB466B9}.Debug|Any CPU.ActiveCfg = Debug|Any CPU
		{AFCD1424-761D-4BCF-83F9-4CC9DCB466B9}.Debug|Any CPU.Build.0 = Debug|Any CPU
		{AFCD1424-761D-4BCF-83F9-4CC9DCB466B9}.Release|Any CPU.ActiveCfg = Release|Any CPU
		{AFCD1424-761D-4BCF-83F9-4CC9DCB466B9}.Release|Any CPU.Build.0 = Release|Any CPU
	EndGlobalSection
	GlobalSection(SolutionProperties) = preSolution
		HideSolutionNode = FALSE
	EndGlobalSection
	GlobalSection(ExtensibilityGlobals) = postSolution
		SolutionGuid = {E25998DD-0E99-4AE3-9875-DDAF5C9E611F}
	EndGlobalSection
EndGlobal
